
Microsoft Visual Studio Solution File, Format Version 12.00
# Visual Studio Version 17
VisualStudioVersion = 17.7.34024.191
MinimumVisualStudioVersion = 10.0.40219.1
Project("{FAE04EC0-301F-11D3-BF4B-00C04F79EFBC}") = "Folder_C", "Folder_C.csproj", "{FF6D0946-9DFE-47AB-9399-8909004403D9}"
EndProject
Global
	GlobalSection(SolutionConfigurationPlatforms) = preSolution
		Debug|Any CPU = Debug|Any CPU
		Release|Any CPU = Release|Any CPU
	EndGlobalSection
	GlobalSection(ProjectConfigurationPlatforms) = postSolution
		{FF6D0946-9DFE-47AB-9399-8909004403D9}.Debug|Any CPU.ActiveCfg = Debug|Any CPU
		{FF6D0946-9DFE-47AB-9399-8909004403D9}.Debug|Any CPU.Build.0 = Debug|Any CPU
		{FF6D0946-9DFE-47AB-9399-8909004403D9}.Release|Any CPU.ActiveCfg = Release|Any CPU
		{FF6D0946-9DFE-47AB-9399-8909004403D9}.Release|Any CPU.Build.0 = Release|Any CPU
	EndGlobalSection
	GlobalSection(SolutionProperties) = preSolution
		HideSolutionNode = FALSE
	EndGlobalSection
	GlobalSection(ExtensibilityGlobals) = postSolution
		SolutionGuid = {226B118D-3171-477D-8F1D-496557149F44}
	EndGlobalSection
EndGlobal
